github.com/dustin/go-humanize v1.0.1 h1:GzkhY7T5VNhEkwH0PVJgjz+fX1rhBrR7pRT3mDkpeCY=
github.com/dustin/go-humanize v1.0.1/go.mod h1:Mu1zIs6XwVuF/gI1OepvI0qD18qycQx+mFykh5fBlto=
github.com/veandco/go-sdl2 v0.4.36 h1:Ltydev536rRQodmIrTWFZ3dRp5A+/6t5CYvbi4Kvia0=
github.com/veandco/go-sdl2 v0.4.36/go.mod h1:OROqMhHD43nT4/i9crJukyVecjPNYYuCofep6SNiAjY=
