github.com/dustin/go-humanize v1.0.1 h1:GzkhY7T5VNhEkwH0PVJgjz+fX1rhBrR7pRT3mDkpeCY=
github.com/dustin/go-humanize v1.0.1/go.mod h1:Mu1zIs6XwVuF/gI1OepvI0qD18qycQx+mFykh5fBlto=
github.com/ebitengine/purego v0.6.0-alpha.1.0.20231122024802-192c5e846faa h1:Ik7QikRgeH+bFOfAcMpttCbs6XxWXxCLXMm4awxtOXk=
github.com/ebitengine/purego v0.6.0-alpha.1.0.20231122024802-192c5e846faa/go.mod h1:ah1In8AOtksoNK6yk5z1HTJeUkC1Ez4Wk2idgGslMwQ=
github.com/gen2brain/raylib-go v4.5.0+incompatible h1:r07+A90mmjE2ayuzElqVicFR0byG1w+dvNqaY0yiuk4=
github.com/gen2brain/raylib-go v4.5.0+incompatible/go.mod h1:LUVRDQbnxUaOgzLzW5lMS+IcbqlXHIqIA9wq8wxzmcA=
github.com/gen2brain/raylib-go/raylib v0.0.0-20231123174446-48309e2407b7 h1:qu+EOzSIbZHZdlahUAZRGAjyiSjzSNEnIiucIEHCKYU=
github.com/gen2brain/raylib-go/raylib v0.0.0-20231123174446-48309e2407b7/go.mod h1:P/hDjVwz/9fhR0ww3+umzDpDA7Bf7Tce4xNChHIEFqE=
golang.org/x/sys v0.14.0 h1:Vz7Qs629MkJkGyHxUlRHizWJRG2j8fbQKjELVSNhy7Q=
golang.org/x/sys v0.14.0/go.mod h1:/VUhepiaJMQUp4+oa/7Zr1D23ma6VTLIYjOOTFZPUcA=
